
Microsoft Visual Studio Solution File, Format Version 12.00
# Visual Studio 15
VisualStudioVersion = 15.0.26730.8
MinimumVisualStudioVersion = 10.0.40219.1
Project("{9A19103F-16F7-4668-BE54-9A1E7A4F7556}") = "WFEngine.Core", "WFEngine.Core\WFEngine.Core.csproj", "{E59740B5-9242-4BCB-9E5D-5E0A51F974ED}"
EndProject
Project("{9A19103F-16F7-4668-BE54-9A1E7A4F7556}") = "WFEngine.Utility", "WFEngine.Utility\WFEngine.Utility.csproj", "{28C70977-F1D2-40D5-8731-1D7BE8887DFD}"
EndProject
Project("{9A19103F-16F7-4668-BE54-9A1E7A4F7556}") = "WFEngine.DataAccess", "WFEngine.DataAccess\WFEngine.DataAccess.csproj", "{55905F69-081C-43E1-A236-950A03A121E8}"
EndProject
Project("{9A19103F-16F7-4668-BE54-9A1E7A4F7556}") = "WFEngine.Core.Demo", "WFEngine.Core.Demo\WFEngine.Core.Demo.csproj", "{E6110856-2191-4C40-8673-D46B6AA49EE6}"
EndProject
Project("{2150E333-8FDC-42A3-9474-1A3956D46DE8}") = "Tools", "Tools", "{CAD144A8-91A7-48CA-B69D-CAA2D2311FB9}"
EndProject
Project("{9A19103F-16F7-4668-BE54-9A1E7A4F7556}") = "WFEngine.WFDesigner", "WFEngine.WFDesigner\WFEngine.WFDesigner.csproj", "{6368133B-1685-4389-A778-3C894ADEE7C1}"
EndProject
Project("{9A19103F-16F7-4668-BE54-9A1E7A4F7556}") = "WFEngine.FormDesigner", "WFEngine.FormDesigner\WFEngine.FormDesigner.csproj", "{C51BE671-7788-4055-92E9-6F335B3B8C38}"
EndProject
Project("{9A19103F-16F7-4668-BE54-9A1E7A4F7556}") = "EnsureDataBaseCreated", "EnsureDataBaseCreated\EnsureDataBaseCreated.csproj", "{683906A0-4A34-407A-B7FF-0EC8304B80C2}"
EndProject
Project("{2150E333-8FDC-42A3-9474-1A3956D46DE8}") = "Doc", "Doc", "{DEF7EFC2-A200-4DB2-A2AF-B73776C69E54}"
	ProjectSection(SolutionItems) = preProject
		readme.md = readme.md
		工作流设计草稿.docx = 工作流设计草稿.docx
	EndProjectSection
EndProject
Global
	GlobalSection(SolutionConfigurationPlatforms) = preSolution
		Debug|Any CPU = Debug|Any CPU
		Release|Any CPU = Release|Any CPU
	EndGlobalSection
	GlobalSection(ProjectConfigurationPlatforms) = postSolution
		{E59740B5-9242-4BCB-9E5D-5E0A51F974ED}.Debug|Any CPU.ActiveCfg = Debug|Any CPU
		{E59740B5-9242-4BCB-9E5D-5E0A51F974ED}.Debug|Any CPU.Build.0 = Debug|Any CPU
		{E59740B5-9242-4BCB-9E5D-5E0A51F974ED}.Release|Any CPU.ActiveCfg = Release|Any CPU
		{E59740B5-9242-4BCB-9E5D-5E0A51F974ED}.Release|Any CPU.Build.0 = Release|Any CPU
		{28C70977-F1D2-40D5-8731-1D7BE8887DFD}.Debug|Any CPU.ActiveCfg = Debug|Any CPU
		{28C70977-F1D2-40D5-8731-1D7BE8887DFD}.Debug|Any CPU.Build.0 = Debug|Any CPU
		{28C70977-F1D2-40D5-8731-1D7BE8887DFD}.Release|Any CPU.ActiveCfg = Release|Any CPU
		{28C70977-F1D2-40D5-8731-1D7BE8887DFD}.Release|Any CPU.Build.0 = Release|Any CPU
		{55905F69-081C-43E1-A236-950A03A121E8}.Debug|Any CPU.ActiveCfg = Debug|Any CPU
		{55905F69-081C-43E1-A236-950A03A121E8}.Debug|Any CPU.Build.0 = Debug|Any CPU
		{55905F69-081C-43E1-A236-950A03A121E8}.Release|Any CPU.ActiveCfg = Release|Any CPU
		{55905F69-081C-43E1-A236-950A03A121E8}.Release|Any CPU.Build.0 = Release|Any CPU
		{E6110856-2191-4C40-8673-D46B6AA49EE6}.Debug|Any CPU.ActiveCfg = Debug|Any CPU
		{E6110856-2191-4C40-8673-D46B6AA49EE6}.Debug|Any CPU.Build.0 = Debug|Any CPU
		{E6110856-2191-4C40-8673-D46B6AA49EE6}.Release|Any CPU.ActiveCfg = Release|Any CPU
		{E6110856-2191-4C40-8673-D46B6AA49EE6}.Release|Any CPU.Build.0 = Release|Any CPU
		{6368133B-1685-4389-A778-3C894ADEE7C1}.Debug|Any CPU.ActiveCfg = Debug|Any CPU
		{6368133B-1685-4389-A778-3C894ADEE7C1}.Debug|Any CPU.Build.0 = Debug|Any CPU
		{6368133B-1685-4389-A778-3C894ADEE7C1}.Release|Any CPU.ActiveCfg = Release|Any CPU
		{6368133B-1685-4389-A778-3C894ADEE7C1}.Release|Any CPU.Build.0 = Release|Any CPU
		{C51BE671-7788-4055-92E9-6F335B3B8C38}.Debug|Any CPU.ActiveCfg = Debug|Any CPU
		{C51BE671-7788-4055-92E9-6F335B3B8C38}.Debug|Any CPU.Build.0 = Debug|Any CPU
		{C51BE671-7788-4055-92E9-6F335B3B8C38}.Release|Any CPU.ActiveCfg = Release|Any CPU
		{C51BE671-7788-4055-92E9-6F335B3B8C38}.Release|Any CPU.Build.0 = Release|Any CPU
		{683906A0-4A34-407A-B7FF-0EC8304B80C2}.Debug|Any CPU.ActiveCfg = Debug|Any CPU
		{683906A0-4A34-407A-B7FF-0EC8304B80C2}.Debug|Any CPU.Build.0 = Debug|Any CPU
		{683906A0-4A34-407A-B7FF-0EC8304B80C2}.Release|Any CPU.ActiveCfg = Release|Any CPU
		{683906A0-4A34-407A-B7FF-0EC8304B80C2}.Release|Any CPU.Build.0 = Release|Any CPU
	EndGlobalSection
	GlobalSection(SolutionProperties) = preSolution
		HideSolutionNode = FALSE
	EndGlobalSection
	GlobalSection(NestedProjects) = preSolution
		{683906A0-4A34-407A-B7FF-0EC8304B80C2} = {CAD144A8-91A7-48CA-B69D-CAA2D2311FB9}
	EndGlobalSection
	GlobalSection(ExtensibilityGlobals) = postSolution
		SolutionGuid = {65F21F8B-DCAE-4D4E-BA31-AEB0236C1E80}
	EndGlobalSection
EndGlobal
